
Microsoft Visual Studio Solution File, Format Version 12.00
# Visual Studio 15
VisualStudioVersion = 15.0.28010.2048
MinimumVisualStudioVersion = 10.0.40219.1
Project("{9A19103F-16F7-4668-BE54-9A1E7A4F7556}") = "VkAnalyzer", "VkAnalyzer\VkAnalyzer.csproj", "{A51DEF9B-E7C9-4DB5-82ED-0378638DA6A5}"
EndProject
Project("{9A19103F-16F7-4668-BE54-9A1E7A4F7556}") = "VkAnalyzer.BE", "VkAnalyzer.BE\VkAnalyzer.BE.csproj", "{FBD5B748-3808-46D1-98DD-CDB363481F8D}"
EndProject
Project("{9A19103F-16F7-4668-BE54-9A1E7A4F7556}") = "VkAnalyzer.BL", "VkAnalyzer.BL\VkAnalyzer.BL.csproj", "{42DBF072-C2B6-465F-954B-E62C5171F632}"
EndProject
Global
	GlobalSection(SolutionConfigurationPlatforms) = preSolution
		Debug|Any CPU = Debug|Any CPU
		Release|Any CPU = Release|Any CPU
	EndGlobalSection
	GlobalSection(ProjectConfigurationPlatforms) = postSolution
		{A51DEF9B-E7C9-4DB5-82ED-0378638DA6A5}.Debug|Any CPU.ActiveCfg = Debug|Any CPU
		{A51DEF9B-E7C9-4DB5-82ED-0378638DA6A5}.Debug|Any CPU.Build.0 = Debug|Any CPU
		{A51DEF9B-E7C9-4DB5-82ED-0378638DA6A5}.Release|Any CPU.ActiveCfg = Release|Any CPU
		{A51DEF9B-E7C9-4DB5-82ED-0378638DA6A5}.Release|Any CPU.Build.0 = Release|Any CPU
		{FBD5B748-3808-46D1-98DD-CDB363481F8D}.Debug|Any CPU.ActiveCfg = Debug|Any CPU
		{FBD5B748-3808-46D1-98DD-CDB363481F8D}.Debug|Any CPU.Build.0 = Debug|Any CPU
		{FBD5B748-3808-46D1-98DD-CDB363481F8D}.Release|Any CPU.ActiveCfg = Release|Any CPU
		{FBD5B748-3808-46D1-98DD-CDB363481F8D}.Release|Any CPU.Build.0 = Release|Any CPU
		{42DBF072-C2B6-465F-954B-E62C5171F632}.Debug|Any CPU.ActiveCfg = Debug|Any CPU
		{42DBF072-C2B6-465F-954B-E62C5171F632}.Debug|Any CPU.Build.0 = Debug|Any CPU
		{42DBF072-C2B6-465F-954B-E62C5171F632}.Release|Any CPU.ActiveCfg = Release|Any CPU
		{42DBF072-C2B6-465F-954B-E62C5171F632}.Release|Any CPU.Build.0 = Release|Any CPU
	EndGlobalSection
	GlobalSection(SolutionProperties) = preSolution
		HideSolutionNode = FALSE
	EndGlobalSection
	GlobalSection(ExtensibilityGlobals) = postSolution
		SolutionGuid = {5B4E47E6-13DA-4ECA-877B-2E10F6643809}
	EndGlobalSection
EndGlobal
